// !$*UTF8*$!
{
	archiveVersion = 1;
	classes = {
	};
	objectVersion = 56;
	objects = {

/* Begin PBXBuildFile section */
		313F03F92AEDFF160059C72A /* PostsView.swift in Sources */ = {isa = PBXBuildFile; fileRef = 313F03F82AEDFF160059C72A /* PostsView.swift */; };
		31751DD92AEBA85A000AC283 /* SocialMediaAnalyserGUIApp.swift in Sources */ = {isa = PBXBuildFile; fileRef = 31751DD82AEBA85A000AC283 /* SocialMediaAnalyserGUIApp.swift */; };
		31751DDB2AEBA85A000AC283 /* ContentView.swift in Sources */ = {isa = PBXBuildFile; fileRef = 31751DDA2AEBA85A000AC283 /* ContentView.swift */; };
		31751DDD2AEBA85B000AC283 /* Assets.xcassets in Resources */ = {isa = PBXBuildFile; fileRef = 31751DDC2AEBA85B000AC283 /* Assets.xcassets */; };
		31751DE02AEBA85B000AC283 /* Preview Assets.xcassets in Resources */ = {isa = PBXBuildFile; fileRef = 31751DDF2AEBA85B000AC283 /* Preview Assets.xcassets */; };
		3184E57C2AF261530089F408 /* UsersView.swift in Sources */ = {isa = PBXBuildFile; fileRef = 3184E57B2AF261530089F408 /* UsersView.swift */; };
		3192B8702AED47F300B5C83B /* User.swift in Sources */ = {isa = PBXBuildFile; fileRef = 3192B86F2AED47F300B5C83B /* User.swift */; };
		3192B8722AED6A6800B5C83B /* LoggedInUser.swift in Sources */ = {isa = PBXBuildFile; fileRef = 3192B8712AED6A6800B5C83B /* LoggedInUser.swift */; };
		31D927722AEBAF970031AA3A /* PostView.swift in Sources */ = {isa = PBXBuildFile; fileRef = 31D927712AEBAF970031AA3A /* PostView.swift */; };
		31D927752AEBB1360031AA3A /* Post.swift in Sources */ = {isa = PBXBuildFile; fileRef = 31D927742AEBB1360031AA3A /* Post.swift */; };
		31E0F1A32AECF0F000029177 /* ProfileView.swift in Sources */ = {isa = PBXBuildFile; fileRef = 31E0F1A22AECF0F000029177 /* ProfileView.swift */; };
		31E0F1A62AECF79D00029177 /* LoginView.swift in Sources */ = {isa = PBXBuildFile; fileRef = 31E0F1A52AECF79D00029177 /* LoginView.swift */; };
		31F0BB6E2AECED4500158E34 /* DashboardView.swift in Sources */ = {isa = PBXBuildFile; fileRef = 31F0BB6D2AECED4500158E34 /* DashboardView.swift */; };
		31F0BB712AECED8800158E34 /* UserDetailsView.swift in Sources */ = {isa = PBXBuildFile; fileRef = 31F0BB702AECED8800158E34 /* UserDetailsView.swift */; };
		31F700F52AF1081300E2E717 /* PostEditorSheet.swift in Sources */ = {isa = PBXBuildFile; fileRef = 31F700F42AF1081300E2E717 /* PostEditorSheet.swift */; };
		31F700F82AF113FD00E2E717 /* Parser.swift in Sources */ = {isa = PBXBuildFile; fileRef = 31F700F72AF113FD00E2E717 /* Parser.swift */; };
		31F700FB2AF118C400E2E717 /* ParseError.swift in Sources */ = {isa = PBXBuildFile; fileRef = 31F700FA2AF118C400E2E717 /* ParseError.swift */; };
		31F701002AF11A9300E2E717 /* PostEditorViewModel.swift in Sources */ = {isa = PBXBuildFile; fileRef = 31F700FF2AF11A9300E2E717 /* PostEditorViewModel.swift */; };
/* End PBXBuildFile section */

/* Begin PBXFileReference section */
		313F03F82AEDFF160059C72A /* PostsView.swift */ = {isa = PBXFileReference; lastKnownFileType = sourcecode.swift; path = PostsView.swift; sourceTree = "<group>"; };
		31751DD52AEBA85A000AC283 /* SocialMediaAnalyserGUI.app */ = {isa = PBXFileReference; explicitFileType = wrapper.application; includeInIndex = 0; path = SocialMediaAnalyserGUI.app; sourceTree = BUILT_PRODUCTS_DIR; };
		31751DD82AEBA85A000AC283 /* SocialMediaAnalyserGUIApp.swift */ = {isa = PBXFileReference; lastKnownFileType = sourcecode.swift; path = SocialMediaAnalyserGUIApp.swift; sourceTree = "<group>"; };
		31751DDA2AEBA85A000AC283 /* ContentView.swift */ = {isa = PBXFileReference; lastKnownFileType = sourcecode.swift; path = ContentView.swift; sourceTree = "<group>"; };
		31751DDC2AEBA85B000AC283 /* Assets.xcassets */ = {isa = PBXFileReference; lastKnownFileType = folder.assetcatalog; path = Assets.xcassets; sourceTree = "<group>"; };
		31751DDF2AEBA85B000AC283 /* Preview Assets.xcassets */ = {isa = PBXFileReference; lastKnownFileType = folder.assetcatalog; path = "Preview Assets.xcassets"; sourceTree = "<group>"; };
		3184E57B2AF261530089F408 /* UsersView.swift */ = {isa = PBXFileReference; lastKnownFileType = sourcecode.swift; path = UsersView.swift; sourceTree = "<group>"; };
		3192B86F2AED47F300B5C83B /* User.swift */ = {isa = PBXFileReference; lastKnownFileType = sourcecode.swift; path = User.swift; sourceTree = "<group>"; };
		3192B8712AED6A6800B5C83B /* LoggedInUser.swift */ = {isa = PBXFileReference; lastKnownFileType = sourcecode.swift; path = LoggedInUser.swift; sourceTree = "<group>"; };
		31D927712AEBAF970031AA3A /* PostView.swift */ = {isa = PBXFileReference; lastKnownFileType = sourcecode.swift; path = PostView.swift; sourceTree = "<group>"; };
		31D927742AEBB1360031AA3A /* Post.swift */ = {isa = PBXFileReference; lastKnownFileType = sourcecode.swift; path = Post.swift; sourceTree = "<group>"; };
		31E0F1A22AECF0F000029177 /* ProfileView.swift */ = {isa = PBXFileReference; lastKnownFileType = sourcecode.swift; path = ProfileView.swift; sourceTree = "<group>"; };
		31E0F1A52AECF79D00029177 /* LoginView.swift */ = {isa = PBXFileReference; lastKnownFileType = sourcecode.swift; path = LoginView.swift; sourceTree = "<group>"; };
		31F0BB6D2AECED4500158E34 /* DashboardView.swift */ = {isa = PBXFileReference; lastKnownFileType = sourcecode.swift; path = DashboardView.swift; sourceTree = "<group>"; };
		31F0BB702AECED8800158E34 /* UserDetailsView.swift */ = {isa = PBXFileReference; lastKnownFileType = sourcecode.swift; path = UserDetailsView.swift; sourceTree = "<group>"; };
		31F700F42AF1081300E2E717 /* PostEditorSheet.swift */ = {isa = PBXFileReference; lastKnownFileType = sourcecode.swift; path = PostEditorSheet.swift; sourceTree = "<group>"; };
		31F700F72AF113FD00E2E717 /* Parser.swift */ = {isa = PBXFileReference; lastKnownFileType = sourcecode.swift; path = Parser.swift; sourceTree = "<group>"; };
		31F700FA2AF118C400E2E717 /* ParseError.swift */ = {isa = PBXFileReference; lastKnownFileType = sourcecode.swift; path = ParseError.swift; sourceTree = "<group>"; };
		31F700FF2AF11A9300E2E717 /* PostEditorViewModel.swift */ = {isa = PBXFileReference; lastKnownFileType = sourcecode.swift; path = PostEditorViewModel.swift; sourceTree = "<group>"; };
/* End PBXFileReference section */

/* Begin PBXFrameworksBuildPhase section */
		31751DD22AEBA85A000AC283 /* Frameworks */ = {
			isa = PBXFrameworksBuildPhase;
			buildActionMask = 2147483647;
			files = (
			);
			runOnlyForDeploymentPostprocessing = 0;
		};
/* End PBXFrameworksBuildPhase section */

/* Begin PBXGroup section */
		31751DCC2AEBA85A000AC283 = {
			isa = PBXGroup;
			children = (
				31751DD72AEBA85A000AC283 /* SocialMediaAnalyserGUI */,
				31751DD62AEBA85A000AC283 /* Products */,
			);
			sourceTree = "<group>";
		};
		31751DD62AEBA85A000AC283 /* Products */ = {
			isa = PBXGroup;
			children = (
				31751DD52AEBA85A000AC283 /* SocialMediaAnalyserGUI.app */,
			);
			name = Products;
			sourceTree = "<group>";
		};
		31751DD72AEBA85A000AC283 /* SocialMediaAnalyserGUI */ = {
			isa = PBXGroup;
			children = (
				31F700F92AF118B400E2E717 /* Errors */,
				31F700F62AF113ED00E2E717 /* Utils */,
				31F0BB6F2AECED5200158E34 /* View */,
				31D927732AEBB1230031AA3A /* Model */,
				31751DD82AEBA85A000AC283 /* SocialMediaAnalyserGUIApp.swift */,
				31751DDA2AEBA85A000AC283 /* ContentView.swift */,
				31751DDC2AEBA85B000AC283 /* Assets.xcassets */,
				31751DDE2AEBA85B000AC283 /* Preview Content */,
			);
			path = SocialMediaAnalyserGUI;
			sourceTree = "<group>";
		};
		31751DDE2AEBA85B000AC283 /* Preview Content */ = {
			isa = PBXGroup;
			children = (
				31751DDF2AEBA85B000AC283 /* Preview Assets.xcassets */,
			);
			path = "Preview Content";
			sourceTree = "<group>";
		};
		31D927732AEBB1230031AA3A /* Model */ = {
			isa = PBXGroup;
			children = (
				31D927742AEBB1360031AA3A /* Post.swift */,
				3192B86F2AED47F300B5C83B /* User.swift */,
				3192B8712AED6A6800B5C83B /* LoggedInUser.swift */,
				31F700FF2AF11A9300E2E717 /* PostEditorViewModel.swift */,
			);
			path = Model;
			sourceTree = "<group>";
		};
		31E0F1A72AECF82B00029177 /* Components */ = {
			isa = PBXGroup;
			children = (
				31F0BB702AECED8800158E34 /* UserDetailsView.swift */,
				31D927712AEBAF970031AA3A /* PostView.swift */,
			);
			path = Components;
			sourceTree = "<group>";
		};
		31F0BB6F2AECED5200158E34 /* View */ = {
			isa = PBXGroup;
			children = (
				31E0F1A72AECF82B00029177 /* Components */,
				31E0F1A52AECF79D00029177 /* LoginView.swift */,
				31F0BB6D2AECED4500158E34 /* DashboardView.swift */,
				31E0F1A22AECF0F000029177 /* ProfileView.swift */,
				313F03F82AEDFF160059C72A /* PostsView.swift */,
				31F700F42AF1081300E2E717 /* PostEditorSheet.swift */,
				3184E57B2AF261530089F408 /* UsersView.swift */,
			);
			path = View;
			sourceTree = "<group>";
		};
		31F700F62AF113ED00E2E717 /* Utils */ = {
			isa = PBXGroup;
			children = (
				31F700F72AF113FD00E2E717 /* Parser.swift */,
			);
			path = Utils;
			sourceTree = "<group>";
		};
		31F700F92AF118B400E2E717 /* Errors */ = {
			isa = PBXGroup;
			children = (
				31F700FA2AF118C400E2E717 /* ParseError.swift */,
			);
			path = Errors;
			sourceTree = "<group>";
		};
/* End PBXGroup section */

/* Begin PBXNativeTarget section */
		31751DD42AEBA85A000AC283 /* SocialMediaAnalyserGUI */ = {
			isa = PBXNativeTarget;
			buildConfigurationList = 31751DE32AEBA85B000AC283 /* Build configuration list for PBXNativeTarget "SocialMediaAnalyserGUI" */;
			buildPhases = (
				31751DD12AEBA85A000AC283 /* Sources */,
				31751DD22AEBA85A000AC283 /* Frameworks */,
				31751DD32AEBA85A000AC283 /* Resources */,
			);
			buildRules = (
			);
			dependencies = (
			);
			name = SocialMediaAnalyserGUI;
			productName = SocialMediaAnalyserGUI;
			productReference = 31751DD52AEBA85A000AC283 /* SocialMediaAnalyserGUI.app */;
			productType = "com.apple.product-type.application";
		};
/* End PBXNativeTarget section */

/* Begin PBXProject section */
		31751DCD2AEBA85A000AC283 /* Project object */ = {
			isa = PBXProject;
			attributes = {
				BuildIndependentTargetsInParallel = 1;
				LastSwiftUpdateCheck = 1500;
				LastUpgradeCheck = 1500;
				TargetAttributes = {
					31751DD42AEBA85A000AC283 = {
						CreatedOnToolsVersion = 15.0;
					};
				};
			};
			buildConfigurationList = 31751DD02AEBA85A000AC283 /* Build configuration list for PBXProject "SocialMediaAnalyserGUI" */;
			compatibilityVersion = "Xcode 14.0";
			developmentRegion = en;
			hasScannedForEncodings = 0;
			knownRegions = (
				en,
				Base,
			);
			mainGroup = 31751DCC2AEBA85A000AC283;
			productRefGroup = 31751DD62AEBA85A000AC283 /* Products */;
			projectDirPath = "";
			projectRoot = "";
			targets = (
				31751DD42AEBA85A000AC283 /* SocialMediaAnalyserGUI */,
			);
		};
/* End PBXProject section */

/* Begin PBXResourcesBuildPhase section */
		31751DD32AEBA85A000AC283 /* Resources */ = {
			isa = PBXResourcesBuildPhase;
			buildActionMask = 2147483647;
			files = (
				31751DE02AEBA85B000AC283 /* Preview Assets.xcassets in Resources */,
				31751DDD2AEBA85B000AC283 /* Assets.xcassets in Resources */,
			);
			runOnlyForDeploymentPostprocessing = 0;
		};
/* End PBXResourcesBuildPhase section */

/* Begin PBXSourcesBuildPhase section */
		31751DD12AEBA85A000AC283 /* Sources */ = {
			isa = PBXSourcesBuildPhase;
			buildActionMask = 2147483647;
			files = (
				313F03F92AEDFF160059C72A /* PostsView.swift in Sources */,
				31751DDB2AEBA85A000AC283 /* ContentView.swift in Sources */,
				31F701002AF11A9300E2E717 /* PostEditorViewModel.swift in Sources */,
				31E0F1A32AECF0F000029177 /* ProfileView.swift in Sources */,
				31D927722AEBAF970031AA3A /* PostView.swift in Sources */,
				31F700F82AF113FD00E2E717 /* Parser.swift in Sources */,
				31F700F52AF1081300E2E717 /* PostEditorSheet.swift in Sources */,
				3184E57C2AF261530089F408 /* UsersView.swift in Sources */,
				31F700FB2AF118C400E2E717 /* ParseError.swift in Sources */,
				31751DD92AEBA85A000AC283 /* SocialMediaAnalyserGUIApp.swift in Sources */,
				31F0BB6E2AECED4500158E34 /* DashboardView.swift in Sources */,
				31F0BB712AECED8800158E34 /* UserDetailsView.swift in Sources */,
				31E0F1A62AECF79D00029177 /* LoginView.swift in Sources */,
				31D927752AEBB1360031AA3A /* Post.swift in Sources */,
				3192B8702AED47F300B5C83B /* User.swift in Sources */,
				3192B8722AED6A6800B5C83B /* LoggedInUser.swift in Sources */,
			);
			runOnlyForDeploymentPostprocessing = 0;
		};
/* End PBXSourcesBuildPhase section */

/* Begin XCBuildConfiguration section */
		31751DE12AEBA85B000AC283 /* Debug */ = {
			isa = XCBuildConfiguration;
			buildSettings = {
				ALWAYS_SEARCH_USER_PATHS = NO;
				ASSETCATALOG_COMPILER_GENERATE_SWIFT_ASSET_SYMBOL_EXTENSIONS = YES;
				CLANG_ANALYZER_NONNULL = YES;
				CLANG_ANALYZER_NUMBER_OBJECT_CONVERSION = YES_AGGRESSIVE;
				CLANG_CXX_LANGUAGE_STANDARD = "gnu++20";
				CLANG_ENABLE_MODULES = YES;
				CLANG_ENABLE_OBJC_ARC = YES;
				CLANG_ENABLE_OBJC_WEAK = YES;
				CLANG_WARN_BLOCK_CAPTURE_AUTORELEASING = YES;
				CLANG_WARN_BOOL_CONVERSION = YES;
				CLANG_WARN_COMMA = YES;
				CLANG_WARN_CONSTANT_CONVERSION = YES;
				CLANG_WARN_DEPRECATED_OBJC_IMPLEMENTATIONS = YES;
				CLANG_WARN_DIRECT_OBJC_ISA_USAGE = YES_ERROR;
				CLANG_WARN_DOCUMENTATION_COMMENTS = YES;
				CLANG_WARN_EMPTY_BODY = YES;
				CLANG_WARN_ENUM_CONVERSION = YES;
				CLANG_WARN_INFINITE_RECURSION = YES;
				CLANG_WARN_INT_CONVERSION = YES;
				CLANG_WARN_NON_LITERAL_NULL_CONVERSION = YES;
				CLANG_WARN_OBJC_IMPLICIT_RETAIN_SELF = YES;
				CLANG_WARN_OBJC_LITERAL_CONVERSION = YES;
				CLANG_WARN_OBJC_ROOT_CLASS = YES_ERROR;
				CLANG_WARN_QUOTED_INCLUDE_IN_FRAMEWORK_HEADER = YES;
				CLANG_WARN_RANGE_LOOP_ANALYSIS = YES;
				CLANG_WARN_STRICT_PROTOTYPES = YES;
				CLANG_WARN_SUSPICIOUS_MOVE = YES;
				CLANG_WARN_UNGUARDED_AVAILABILITY = YES_AGGRESSIVE;
				CLANG_WARN_UNREACHABLE_CODE = YES;
				CLANG_WARN__DUPLICATE_METHOD_MATCH = YES;
				COPY_PHASE_STRIP = NO;
				DEBUG_INFORMATION_FORMAT = dwarf;
				ENABLE_STRICT_OBJC_MSGSEND = YES;
				ENABLE_TESTABILITY = YES;
				ENABLE_USER_SCRIPT_SANDBOXING = YES;
				GCC_C_LANGUAGE_STANDARD = gnu17;
				GCC_DYNAMIC_NO_PIC = NO;
				GCC_NO_COMMON_BLOCKS = YES;
				GCC_OPTIMIZATION_LEVEL = 0;
				GCC_PREPROCESSOR_DEFINITIONS = (
					"DEBUG=1",
					"$(inherited)",
				);
				GCC_WARN_64_TO_32_BIT_CONVERSION = YES;
				GCC_WARN_ABOUT_RETURN_TYPE = YES_ERROR;
				GCC_WARN_UNDECLARED_SELECTOR = YES;
				GCC_WARN_UNINITIALIZED_AUTOS = YES_AGGRESSIVE;
				GCC_WARN_UNUSED_FUNCTION = YES;
				GCC_WARN_UNUSED_VARIABLE = YES;
				IPHONEOS_DEPLOYMENT_TARGET = 17.0;
				LOCALIZATION_PREFERS_STRING_CATALOGS = YES;
				MTL_ENABLE_DEBUG_INFO = INCLUDE_SOURCE;
				MTL_FAST_MATH = YES;
				ONLY_ACTIVE_ARCH = YES;
				SDKROOT = iphoneos;
				SWIFT_ACTIVE_COMPILATION_CONDITIONS = "DEBUG $(inherited)";
				SWIFT_OPTIMIZATION_LEVEL = "-Onone";
			};
			name = Debug;
		};
		31751DE22AEBA85B000AC283 /* Release */ = {
			isa = XCBuildConfiguration;
			buildSettings = {
				ALWAYS_SEARCH_USER_PATHS = NO;
				ASSETCATALOG_COMPILER_GENERATE_SWIFT_ASSET_SYMBOL_EXTENSIONS = YES;
				CLANG_ANALYZER_NONNULL = YES;
				CLANG_ANALYZER_NUMBER_OBJECT_CONVERSION = YES_AGGRESSIVE;
				CLANG_CXX_LANGUAGE_STANDARD = "gnu++20";
				CLANG_ENABLE_MODULES = YES;
				CLANG_ENABLE_OBJC_ARC = YES;
				CLANG_ENABLE_OBJC_WEAK = YES;
				CLANG_WARN_BLOCK_CAPTURE_AUTORELEASING = YES;
				CLANG_WARN_BOOL_CONVERSION = YES;
				CLANG_WARN_COMMA = YES;
				CLANG_WARN_CONSTANT_CONVERSION = YES;
				CLANG_WARN_DEPRECATED_OBJC_IMPLEMENTATIONS = YES;
				CLANG_WARN_DIRECT_OBJC_ISA_USAGE = YES_ERROR;
				CLANG_WARN_DOCUMENTATION_COMMENTS = YES;
				CLANG_WARN_EMPTY_BODY = YES;
				CLANG_WARN_ENUM_CONVERSION = YES;
				CLANG_WARN_INFINITE_RECURSION = YES;
				CLANG_WARN_INT_CONVERSION = YES;
				CLANG_WARN_NON_LITERAL_NULL_CONVERSION = YES;
				CLANG_WARN_OBJC_IMPLICIT_RETAIN_SELF = YES;
				CLANG_WARN_OBJC_LITERAL_CONVERSION = YES;
				CLANG_WARN_OBJC_ROOT_CLASS = YES_ERROR;
				CLANG_WARN_QUOTED_INCLUDE_IN_FRAMEWORK_HEADER = YES;
				CLANG_WARN_RANGE_LOOP_ANALYSIS = YES;
				CLANG_WARN_STRICT_PROTOTYPES = YES;
				CLANG_WARN_SUSPICIOUS_MOVE = YES;
				CLANG_WARN_UNGUARDED_AVAILABILITY = YES_AGGRESSIVE;
				CLANG_WARN_UNREACHABLE_CODE = YES;
				CLANG_WARN__DUPLICATE_METHOD_MATCH = YES;
				COPY_PHASE_STRIP = NO;
				DEBUG_INFORMATION_FORMAT = "dwarf-with-dsym";
				ENABLE_NS_ASSERTIONS = NO;
				ENABLE_STRICT_OBJC_MSGSEND = YES;
				ENABLE_USER_SCRIPT_SANDBOXING = YES;
				GCC_C_LANGUAGE_STANDARD = gnu17;
				GCC_NO_COMMON_BLOCKS = YES;
				GCC_WARN_64_TO_32_BIT_CONVERSION = YES;
				GCC_WARN_ABOUT_RETURN_TYPE = YES_ERROR;
				GCC_WARN_UNDECLARED_SELECTOR = YES;
				GCC_WARN_UNINITIALIZED_AUTOS = YES_AGGRESSIVE;
				GCC_WARN_UNUSED_FUNCTION = YES;
				GCC_WARN_UNUSED_VARIABLE = YES;
				IPHONEOS_DEPLOYMENT_TARGET = 17.0;
				LOCALIZATION_PREFERS_STRING_CATALOGS = YES;
				MTL_ENABLE_DEBUG_INFO = NO;
				MTL_FAST_MATH = YES;
				SDKROOT = iphoneos;
				SWIFT_COMPILATION_MODE = wholemodule;
				VALIDATE_PRODUCT = YES;
			};
			name = Release;
		};
		31751DE42AEBA85B000AC283 /* Debug */ = {
			isa = XCBuildConfiguration;
			buildSettings = {
				ASSETCATALOG_COMPILER_APPICON_NAME = AppIcon;
				ASSETCATALOG_COMPILER_GLOBAL_ACCENT_COLOR_NAME = AccentColor;
				CODE_SIGN_STYLE = Automatic;
				CURRENT_PROJECT_VERSION = 1;
				DEVELOPMENT_ASSET_PATHS = "\"SocialMediaAnalyserGUI/Preview Content\"";
				DEVELOPMENT_TEAM = 64JFAVR2B4;
				ENABLE_PREVIEWS = YES;
				GENERATE_INFOPLIST_FILE = YES;
				INFOPLIST_KEY_CFBundleDisplayName = "Social Media Analyser";
				INFOPLIST_KEY_UIApplicationSceneManifest_Generation = YES;
				INFOPLIST_KEY_UIApplicationSupportsIndirectInputEvents = YES;
				INFOPLIST_KEY_UILaunchScreen_Generation = YES;
				INFOPLIST_KEY_UISupportedInterfaceOrientations_iPad = "UIInterfaceOrientationPortrait UIInterfaceOrientationPortraitUpsideDown UIInterfaceOrientationLandscapeLeft UIInterfaceOrientationLandscapeRight";
				INFOPLIST_KEY_UISupportedInterfaceOrientations_iPhone = "UIInterfaceOrientationPortrait UIInterfaceOrientationLandscapeLeft UIInterfaceOrientationLandscapeRight";
				LD_RUNPATH_SEARCH_PATHS = (
					"$(inherited)",
					"@executable_path/Frameworks",
				);
				MARKETING_VERSION = 0.1.0;
				PRODUCT_BUNDLE_IDENTIFIER = dev.alabbad.SocialMediaAnalyserGUI;
				PRODUCT_NAME = "$(TARGET_NAME)";
				SWIFT_EMIT_LOC_STRINGS = YES;
				SWIFT_VERSION = 5.0;
				TARGETED_DEVICE_FAMILY = "1,2";
			};
			name = Debug;
		};
		31751DE52AEBA85B000AC283 /* Release */ = {
			isa = XCBuildConfiguration;
			buildSettings = {
				ASSETCATALOG_COMPILER_APPICON_NAME = AppIcon;
				ASSETCATALOG_COMPILER_GLOBAL_ACCENT_COLOR_NAME = AccentColor;
				CODE_SIGN_STYLE = Automatic;
				CURRENT_PROJECT_VERSION = 1;
				DEVELOPMENT_ASSET_PATHS = "\"SocialMediaAnalyserGUI/Preview Content\"";
				DEVELOPMENT_TEAM = 64JFAVR2B4;
				ENABLE_PREVIEWS = YES;
				GENERATE_INFOPLIST_FILE = YES;
				INFOPLIST_KEY_CFBundleDisplayName = "Social Media Analyser";
				INFOPLIST_KEY_UIApplicationSceneManifest_Generation = YES;
				INFOPLIST_KEY_UIApplicationSupportsIndirectInputEvents = YES;
				INFOPLIST_KEY_UILaunchScreen_Generation = YES;
				INFOPLIST_KEY_UISupportedInterfaceOrientations_iPad = "UIInterfaceOrientationPortrait UIInterfaceOrientationPortraitUpsideDown UIInterfaceOrientationLandscapeLeft UIInterfaceOrientationLandscapeRight";
				INFOPLIST_KEY_UISupportedInterfaceOrientations_iPhone = "UIInterfaceOrientationPortrait UIInterfaceOrientationLandscapeLeft UIInterfaceOrientationLandscapeRight";
				LD_RUNPATH_SEARCH_PATHS = (
					"$(inherited)",
					"@executable_path/Frameworks",
				);
				MARKETING_VERSION = 0.1.0;
				PRODUCT_BUNDLE_IDENTIFIER = dev.alabbad.SocialMediaAnalyserGUI;
				PRODUCT_NAME = "$(TARGET_NAME)";
				SWIFT_EMIT_LOC_STRINGS = YES;
				SWIFT_VERSION = 5.0;
				TARGETED_DEVICE_FAMILY = "1,2";
			};
			name = Release;
		};
/* End XCBuildConfiguration section */

/* Begin XCConfigurationList section */
		31751DD02AEBA85A000AC283 /* Build configuration list for PBXProject "SocialMediaAnalyserGUI" */ = {
			isa = XCConfigurationList;
			buildConfigurations = (
				31751DE12AEBA85B000AC283 /* Debug */,
				31751DE22AEBA85B000AC283 /* Release */,
			);
			defaultConfigurationIsVisible = 0;
			defaultConfigurationName = Release;
		};
		31751DE32AEBA85B000AC283 /* Build configuration list for PBXNativeTarget "SocialMediaAnalyserGUI" */ = {
			isa = XCConfigurationList;
			buildConfigurations = (
				31751DE42AEBA85B000AC283 /* Debug */,
				31751DE52AEBA85B000AC283 /* Release */,
			);
			defaultConfigurationIsVisible = 0;
			defaultConfigurationName = Release;
		};
/* End XCConfigurationList section */
	};
	rootObject = 31751DCD2AEBA85A000AC283 /* Project object */;
}
